
Microsoft Visual Studio Solution File, Format Version 12.00
# Visual Studio Version 17
VisualStudioVersion = 17.9.34607.119
MinimumVisualStudioVersion = 10.0.40219.1
Project("{FAE04EC0-301F-11D3-BF4B-00C04F79EFBC}") = "KioskProject", "KioskProject\KioskProject.csproj", "{C2351FC1-C532-4235-ABB0-88C100A9EE29}"
EndProject
Global
	GlobalSection(SolutionConfigurationPlatforms) = preSolution
		Debug|Any CPU = Debug|Any CPU
		Release|Any CPU = Release|Any CPU
	EndGlobalSection
	GlobalSection(ProjectConfigurationPlatforms) = postSolution
		{C2351FC1-C532-4235-ABB0-88C100A9EE29}.Debug|Any CPU.ActiveCfg = Debug|Any CPU
		{C2351FC1-C532-4235-ABB0-88C100A9EE29}.Debug|Any CPU.Build.0 = Debug|Any CPU
		{C2351FC1-C532-4235-ABB0-88C100A9EE29}.Release|Any CPU.ActiveCfg = Release|Any CPU
		{C2351FC1-C532-4235-ABB0-88C100A9EE29}.Release|Any CPU.Build.0 = Release|Any CPU
	EndGlobalSection
	GlobalSection(SolutionProperties) = preSolution
		HideSolutionNode = FALSE
	EndGlobalSection
	GlobalSection(ExtensibilityGlobals) = postSolution
		SolutionGuid = {6937C684-AB5E-4055-B35D-171B2F8891EF}
	EndGlobalSection
EndGlobal
